
Microsoft Visual Studio Solution File, Format Version 12.00
# Visual Studio Version 17
VisualStudioVersion = 17.9.34902.65
MinimumVisualStudioVersion = 10.0.40219.1
Project("{9A19103F-16F7-4668-BE54-9A1E7A4F7556}") = "Shield.Bme280", "src\Shield.Bme280\Shield.Bme280.csproj", "{D7A0ECE7-6F76-47C3-950C-687AF5764188}"
EndProject
Project("{9A19103F-16F7-4668-BE54-9A1E7A4F7556}") = "Shield.Common", "src\Shield.Common\Shield.Common.csproj", "{22D252BC-62B9-4DB5-BEE9-39F07EB65FC1}"
EndProject
Project("{2150E333-8FDC-42A3-9474-1A3956D46DE8}") = "src", "src", "{2E24E6D1-F683-4C9B-A981-10680E838065}"
EndProject
Project("{9A19103F-16F7-4668-BE54-9A1E7A4F7556}") = "Shield.Display", "src\Shield.Display\Shield.Display.csproj", "{ADA073C6-9D53-45F6-85D0-C0843544DA78}"
EndProject
Project("{9A19103F-16F7-4668-BE54-9A1E7A4F7556}") = "Shield.Display.Backlight", "src\Shield.Display.Backlight\Shield.Display.Backlight.csproj", "{48C526B7-A7CE-4DCC-ADE0-0FF18C424FAF}"
EndProject
Project("{9A19103F-16F7-4668-BE54-9A1E7A4F7556}") = "Shield.Lcd", "src\Shield.Lcd\Shield.Lcd.csproj", "{9247D5F8-69D8-4AFE-A80D-1496820B0994}"
EndProject
Project("{9A19103F-16F7-4668-BE54-9A1E7A4F7556}") = "Shield.Logger", "src\Shield.Logger\Shield.Logger.csproj", "{745E773A-3E2E-4F73-94A0-25A2FB51F76E}"
EndProject
Global
	GlobalSection(SolutionConfigurationPlatforms) = preSolution
		Debug|Any CPU = Debug|Any CPU
		Release|Any CPU = Release|Any CPU
	EndGlobalSection
	GlobalSection(ProjectConfigurationPlatforms) = postSolution
		{D7A0ECE7-6F76-47C3-950C-687AF5764188}.Debug|Any CPU.ActiveCfg = Debug|Any CPU
		{D7A0ECE7-6F76-47C3-950C-687AF5764188}.Debug|Any CPU.Build.0 = Debug|Any CPU
		{D7A0ECE7-6F76-47C3-950C-687AF5764188}.Release|Any CPU.ActiveCfg = Release|Any CPU
		{D7A0ECE7-6F76-47C3-950C-687AF5764188}.Release|Any CPU.Build.0 = Release|Any CPU
		{22D252BC-62B9-4DB5-BEE9-39F07EB65FC1}.Debug|Any CPU.ActiveCfg = Debug|Any CPU
		{22D252BC-62B9-4DB5-BEE9-39F07EB65FC1}.Debug|Any CPU.Build.0 = Debug|Any CPU
		{22D252BC-62B9-4DB5-BEE9-39F07EB65FC1}.Release|Any CPU.ActiveCfg = Release|Any CPU
		{22D252BC-62B9-4DB5-BEE9-39F07EB65FC1}.Release|Any CPU.Build.0 = Release|Any CPU
		{ADA073C6-9D53-45F6-85D0-C0843544DA78}.Debug|Any CPU.ActiveCfg = Debug|Any CPU
		{ADA073C6-9D53-45F6-85D0-C0843544DA78}.Debug|Any CPU.Build.0 = Debug|Any CPU
		{ADA073C6-9D53-45F6-85D0-C0843544DA78}.Release|Any CPU.ActiveCfg = Release|Any CPU
		{ADA073C6-9D53-45F6-85D0-C0843544DA78}.Release|Any CPU.Build.0 = Release|Any CPU
		{48C526B7-A7CE-4DCC-ADE0-0FF18C424FAF}.Debug|Any CPU.ActiveCfg = Debug|Any CPU
		{48C526B7-A7CE-4DCC-ADE0-0FF18C424FAF}.Debug|Any CPU.Build.0 = Debug|Any CPU
		{48C526B7-A7CE-4DCC-ADE0-0FF18C424FAF}.Release|Any CPU.ActiveCfg = Release|Any CPU
		{48C526B7-A7CE-4DCC-ADE0-0FF18C424FAF}.Release|Any CPU.Build.0 = Release|Any CPU
		{9247D5F8-69D8-4AFE-A80D-1496820B0994}.Debug|Any CPU.ActiveCfg = Debug|Any CPU
		{9247D5F8-69D8-4AFE-A80D-1496820B0994}.Debug|Any CPU.Build.0 = Debug|Any CPU
		{9247D5F8-69D8-4AFE-A80D-1496820B0994}.Release|Any CPU.ActiveCfg = Release|Any CPU
		{9247D5F8-69D8-4AFE-A80D-1496820B0994}.Release|Any CPU.Build.0 = Release|Any CPU
		{745E773A-3E2E-4F73-94A0-25A2FB51F76E}.Debug|Any CPU.ActiveCfg = Debug|Any CPU
		{745E773A-3E2E-4F73-94A0-25A2FB51F76E}.Debug|Any CPU.Build.0 = Debug|Any CPU
		{745E773A-3E2E-4F73-94A0-25A2FB51F76E}.Release|Any CPU.ActiveCfg = Release|Any CPU
		{745E773A-3E2E-4F73-94A0-25A2FB51F76E}.Release|Any CPU.Build.0 = Release|Any CPU
	EndGlobalSection
	GlobalSection(SolutionProperties) = preSolution
		HideSolutionNode = FALSE
	EndGlobalSection
	GlobalSection(NestedProjects) = preSolution
		{D7A0ECE7-6F76-47C3-950C-687AF5764188} = {2E24E6D1-F683-4C9B-A981-10680E838065}
		{22D252BC-62B9-4DB5-BEE9-39F07EB65FC1} = {2E24E6D1-F683-4C9B-A981-10680E838065}
		{ADA073C6-9D53-45F6-85D0-C0843544DA78} = {2E24E6D1-F683-4C9B-A981-10680E838065}
		{48C526B7-A7CE-4DCC-ADE0-0FF18C424FAF} = {2E24E6D1-F683-4C9B-A981-10680E838065}
		{9247D5F8-69D8-4AFE-A80D-1496820B0994} = {2E24E6D1-F683-4C9B-A981-10680E838065}
		{745E773A-3E2E-4F73-94A0-25A2FB51F76E} = {2E24E6D1-F683-4C9B-A981-10680E838065}
	EndGlobalSection
	GlobalSection(ExtensibilityGlobals) = postSolution
		SolutionGuid = {248B11DC-48B1-47EC-BFB7-89734B4464C5}
	EndGlobalSection
EndGlobal
